
Microsoft Visual Studio Solution File, Format Version 12.00
# Visual Studio Version 17
VisualStudioVersion = 17.7.34031.279
MinimumVisualStudioVersion = 10.0.40219.1
Project("{9A19103F-16F7-4668-BE54-9A1E7A4F7556}") = "StoreAPI", "StoreAPI.csproj", "{62D01132-BE5C-4BC7-8E2A-0F0028B61E2C}"
EndProject
Project("{9A19103F-16F7-4668-BE54-9A1E7A4F7556}") = "StoreAPI.Tests", "..\StoreAPI.Tests\StoreAPI.Tests.csproj", "{D1C009CD-3AE2-46A4-8672-B00EB787A258}"
EndProject
Project("{9A19103F-16F7-4668-BE54-9A1E7A4F7556}") = "DataAccessLayer", "..\DataAccessLayer\DataAccessLayer.csproj", "{E26CC9D5-8CE8-4041-842E-17720F0FF3A7}"
EndProject
Project("{FAE04EC0-301F-11D3-BF4B-00C04F79EFBC}") = "ServiceLayer", "..\ServiceLayer\ServiceLayer.csproj", "{3591600A-13A5-4B6E-9329-DBEE3AD24149}"
EndProject
Global
	GlobalSection(SolutionConfigurationPlatforms) = preSolution
		Debug|Any CPU = Debug|Any CPU
		Release|Any CPU = Release|Any CPU
	EndGlobalSection
	GlobalSection(ProjectConfigurationPlatforms) = postSolution
		{62D01132-BE5C-4BC7-8E2A-0F0028B61E2C}.Debug|Any CPU.ActiveCfg = Debug|Any CPU
		{62D01132-BE5C-4BC7-8E2A-0F0028B61E2C}.Debug|Any CPU.Build.0 = Debug|Any CPU
		{62D01132-BE5C-4BC7-8E2A-0F0028B61E2C}.Release|Any CPU.ActiveCfg = Release|Any CPU
		{62D01132-BE5C-4BC7-8E2A-0F0028B61E2C}.Release|Any CPU.Build.0 = Release|Any CPU
		{D1C009CD-3AE2-46A4-8672-B00EB787A258}.Debug|Any CPU.ActiveCfg = Debug|Any CPU
		{D1C009CD-3AE2-46A4-8672-B00EB787A258}.Debug|Any CPU.Build.0 = Debug|Any CPU
		{D1C009CD-3AE2-46A4-8672-B00EB787A258}.Release|Any CPU.ActiveCfg = Release|Any CPU
		{D1C009CD-3AE2-46A4-8672-B00EB787A258}.Release|Any CPU.Build.0 = Release|Any CPU
		{E26CC9D5-8CE8-4041-842E-17720F0FF3A7}.Debug|Any CPU.ActiveCfg = Debug|Any CPU
		{E26CC9D5-8CE8-4041-842E-17720F0FF3A7}.Debug|Any CPU.Build.0 = Debug|Any CPU
		{E26CC9D5-8CE8-4041-842E-17720F0FF3A7}.Release|Any CPU.ActiveCfg = Release|Any CPU
		{E26CC9D5-8CE8-4041-842E-17720F0FF3A7}.Release|Any CPU.Build.0 = Release|Any CPU
		{3591600A-13A5-4B6E-9329-DBEE3AD24149}.Debug|Any CPU.ActiveCfg = Debug|Any CPU
		{3591600A-13A5-4B6E-9329-DBEE3AD24149}.Debug|Any CPU.Build.0 = Debug|Any CPU
		{3591600A-13A5-4B6E-9329-DBEE3AD24149}.Release|Any CPU.ActiveCfg = Release|Any CPU
		{3591600A-13A5-4B6E-9329-DBEE3AD24149}.Release|Any CPU.Build.0 = Release|Any CPU
	EndGlobalSection
	GlobalSection(SolutionProperties) = preSolution
		HideSolutionNode = FALSE
	EndGlobalSection
	GlobalSection(ExtensibilityGlobals) = postSolution
		SolutionGuid = {0A95AF78-B0C1-400F-95A2-DBE81D41F21A}
	EndGlobalSection
EndGlobal
